github.com/8i8/conf v0.2.1 h1:XPwqna7YsXN2gqzMw36wiED85uc4JY1ImdXrUjLOF9s=
github.com/8i8/conf v0.2.1/go.mod h1:X+2tHHLOwR6eX2h9Njwu7Qz4Nii+ObDJezHjAi3Vtrk=
github.com/8i8/log v0.0.12 h1:4dKub2hFp2Zz+LpoFxQfkx21VTFRBCZ2OByOezL+e4c=
github.com/8i8/log v0.0.12/go.mod h1:oMAzP+icd6KULDDmqBM1Cs5VHOfGSoulFf9IDJd98WQ=
github.com/8i8/term v0.0.3 h1:ZakPpi/2fRjgqCcbTveTPP2dXnwHu9ZzBdwVAse0JII=
github.com/8i8/term v0.0.3/go.mod h1:Ad0haYOuMpn4AcPSB4wGcbTtTlMjEucxMmKiX26EZLE=
github.com/atotto/clipboard v0.1.4 h1:EH0zSVneZPSuFR11BlR9YppQTVDbh5+16AmcJi4g1z4=
github.com/atotto/clipboard v0.1.4/go.mod h1:ZY9tmq7sm5xIbd9bOK4onWV4S6X0u6GY7Vn0Yu86PYI=
github.com/google/uuid v1.2.0 h1:qJYtXnJRWmpe7m/3XlyhrsLrEURqHRM2kxzoxXqyUDs=
github.com/google/uuid v1.2.0/go.mod h1:TIyPZe4MgqvfeYDBFedMoGGpEw/LqOeaOT+nhxU+yHo=
golang.org/x/sys v0.0.0-20210615035016-665e8c7367d1 h1:SrN+KX8Art/Sf4HNj6Zcz06G7VEz+7w9tdXTPOZ7+l4=
golang.org/x/sys v0.0.0-20210615035016-665e8c7367d1/go.mod h1:oPkhp1MJrh7nUepCBck5+mAzfO9JrbApNNgaTdGDITg=
golang.org/x/term v0.0.0-20220411215600-e5f449aeb171 h1:EH1Deb8WZJ0xc0WK//leUHXcX9aLE5SymusoTmMZye8=
golang.org/x/term v0.0.0-20220411215600-e5f449aeb171/go.mod h1:jbD1KX2456YbFQfuXm/mYQcufACuNUgVhRMnK/tPxf8=
